
Microsoft Visual Studio Solution File, Format Version 12.00
Project("{FAE04EC0-301F-11D3-BF4B-00C04F79EFBC}") = "ET3D_AOI", "ET3D_AOI.csproj", "{C66E5F3A-F716-4700-A590-85958B8AC609}"
EndProject
Global
	GlobalSection(SolutionConfigurationPlatforms) = preSolution
		Debug|Any CPU = Debug|Any CPU
		Release|Any CPU = Release|Any CPU
	EndGlobalSection
	GlobalSection(ProjectConfigurationPlatforms) = postSolution
		{C66E5F3A-F716-4700-A590-85958B8AC609}.Debug|Any CPU.ActiveCfg = Debug|Any CPU
		{C66E5F3A-F716-4700-A590-85958B8AC609}.Debug|Any CPU.Build.0 = Debug|Any CPU
		{C66E5F3A-F716-4700-A590-85958B8AC609}.Release|Any CPU.ActiveCfg = Release|Any CPU
		{C66E5F3A-F716-4700-A590-85958B8AC609}.Release|Any CPU.Build.0 = Release|Any CPU
	EndGlobalSection
EndGlobal
